<?xml version="1.0" encoding="utf-8"?>
<Project ToolsVersion="4.0" xmlns="http://schemas.microsoft.com/developer/msbuild/2003">
  <ItemGroup>
    <Filter Include="Source Files">
      <UniqueIdentifier>{4FC737F1-C7A5-4376-A066-2A32D752A2FF}</UniqueIdentifier>
      <Extensions>cpp;c;cc;cxx;c++;cppm;ixx;def;odl;idl;hpj;bat;asm;asmx</Extensions>
    </Filter>
    <Filter Include="Source Files\Window">
      <UniqueIdentifier>{52d8066a-0cf1-4108-a78b-e99e80569e57}</UniqueIdentifier>
    </Filter>
    <Filter Include="Source Files\Util">
      <UniqueIdentifier>{0c64821b-8014-4bf4-9b34-da651036ecc7}</UniqueIdentifier>
    </Filter>
    <Filter Include="Source Files\Util\ArrayLIst">
      <UniqueIdentifier>{faaf5fd5-d171-4359-809c-81236e56957c}</UniqueIdentifier>
    </Filter>
    <Filter Include="Source Files\Gui">
      <UniqueIdentifier>{0d015e86-f84f-4bdf-b4bb-34cfc73225d3}</UniqueIdentifier>
    </Filter>
    <Filter Include="Source Files\Gui\Buttons">
      <UniqueIdentifier>{4d49d24e-e5a9-443d-9f3d-5f9f8d972a85}</UniqueIdentifier>
    </Filter>
    <Filter Include="Resourses">
      <UniqueIdentifier>{7bb759d8-1b6a-4244-8904-33eba0d644c0}</UniqueIdentifier>
    </Filter>
  </ItemGroup>
  <ItemGroup>
    <ClCompile Include="Code\Main.cpp">
      <Filter>Source Files</Filter>
    </ClCompile>
    <ClCompile Include="Code\Gui\GuiControl.cpp">
      <Filter>Source Files</Filter>
    </ClCompile>
    <ClCompile Include="Code\Gui\Buttons\GuiButton.cpp">
      <Filter>Source Files</Filter>
    </ClCompile>
    <ClCompile Include="Code\Util\Util.cpp">
      <Filter>Source Files</Filter>
    </ClCompile>
    <ClCompile Include="Code\Windows\Window.cpp">
      <Filter>Source Files</Filter>
    </ClCompile>
    <ClCompile Include="Code\Util\ResouseLoader\ResourseLoader.cpp">
      <Filter>Source Files</Filter>
    </ClCompile>
  </ItemGroup>
  <ItemGroup>
    <ClInclude Include="Code\All.h" />
    <ClInclude Include="Code\Gui\Gui.h" />
    <ClInclude Include="Code\Gui\GuiControl.h" />
    <ClInclude Include="Code\Gui\Buttons\GuiButton.h" />
    <ClInclude Include="Code\Util\stb_image.h" />
    <ClInclude Include="Code\Util\ArrayList.h" />
    <ClInclude Include="Code\Util\Util.h" />
    <ClInclude Include="Code\Windows\Window.h" />
    <ClInclude Include="Code\Util\ResouseLoader\ResourseLoader.h" />
  </ItemGroup>
  <ItemGroup>
    <None Include="packages.config" />
  </ItemGroup>
  <ItemGroup>
    <Image Include="Resources\Icon.ico" />
  </ItemGroup>
</Project>